// !$*UTF8*$!
{
	archiveVersion = 1;
	classes = {
	};
	objectVersion = 56;
	objects = {

/* Begin PBXBuildFile section */
		34EBED812BBDA5A2009297AC /* TransactionDetailsApp.swift in Sources */ = {isa = PBXBuildFile; fileRef = 34EBED802BBDA5A2009297AC /* TransactionDetailsApp.swift */; };
		34EBED832BBDA5A2009297AC /* ContentView.swift in Sources */ = {isa = PBXBuildFile; fileRef = 34EBED822BBDA5A2009297AC /* ContentView.swift */; };
		34EBED852BBDA5A4009297AC /* Assets.xcassets in Resources */ = {isa = PBXBuildFile; fileRef = 34EBED842BBDA5A4009297AC /* Assets.xcassets */; };
		34EBED882BBDA5A4009297AC /* Preview Assets.xcassets in Resources */ = {isa = PBXBuildFile; fileRef = 34EBED872BBDA5A4009297AC /* Preview Assets.xcassets */; };
		34EBED922BBDA5A4009297AC /* TransactionDetailsTests.swift in Sources */ = {isa = PBXBuildFile; fileRef = 34EBED912BBDA5A4009297AC /* TransactionDetailsTests.swift */; };
		34EBED9C2BBDA5A4009297AC /* TransactionDetailsUITests.swift in Sources */ = {isa = PBXBuildFile; fileRef = 34EBED9B2BBDA5A4009297AC /* TransactionDetailsUITests.swift */; };
		34EBED9E2BBDA5A4009297AC /* TransactionDetailsUITestsLaunchTests.swift in Sources */ = {isa = PBXBuildFile; fileRef = 34EBED9D2BBDA5A4009297AC /* TransactionDetailsUITestsLaunchTests.swift */; };
/* End PBXBuildFile section */

/* Begin PBXContainerItemProxy section */
		34EBED8E2BBDA5A4009297AC /* PBXContainerItemProxy */ = {
			isa = PBXContainerItemProxy;
			containerPortal = 34EBED752BBDA5A2009297AC /* Project object */;
			proxyType = 1;
			remoteGlobalIDString = 34EBED7C2BBDA5A2009297AC;
			remoteInfo = TransactionDetails;
		};
		34EBED982BBDA5A4009297AC /* PBXContainerItemProxy */ = {
			isa = PBXContainerItemProxy;
			containerPortal = 34EBED752BBDA5A2009297AC /* Project object */;
			proxyType = 1;
			remoteGlobalIDString = 34EBED7C2BBDA5A2009297AC;
			remoteInfo = TransactionDetails;
		};
/* End PBXContainerItemProxy section */

/* Begin PBXFileReference section */
		34EBED7D2BBDA5A2009297AC /* TransactionDetails.app */ = {isa = PBXFileReference; explicitFileType = wrapper.application; includeInIndex = 0; path = TransactionDetails.app; sourceTree = BUILT_PRODUCTS_DIR; };
		34EBED802BBDA5A2009297AC /* TransactionDetailsApp.swift */ = {isa = PBXFileReference; lastKnownFileType = sourcecode.swift; path = TransactionDetailsApp.swift; sourceTree = "<group>"; };
		34EBED822BBDA5A2009297AC /* ContentView.swift */ = {isa = PBXFileReference; lastKnownFileType = sourcecode.swift; path = ContentView.swift; sourceTree = "<group>"; };
		34EBED842BBDA5A4009297AC /* Assets.xcassets */ = {isa = PBXFileReference; lastKnownFileType = folder.assetcatalog; path = Assets.xcassets; sourceTree = "<group>"; };
		34EBED872BBDA5A4009297AC /* Preview Assets.xcassets */ = {isa = PBXFileReference; lastKnownFileType = folder.assetcatalog; path = "Preview Assets.xcassets"; sourceTree = "<group>"; };
		34EBED8D2BBDA5A4009297AC /* TransactionDetailsTests.xctest */ = {isa = PBXFileReference; explicitFileType = wrapper.cfbundle; includeInIndex = 0; path = TransactionDetailsTests.xctest; sourceTree = BUILT_PRODUCTS_DIR; };
		34EBED912BBDA5A4009297AC /* TransactionDetailsTests.swift */ = {isa = PBXFileReference; lastKnownFileType = sourcecode.swift; path = TransactionDetailsTests.swift; sourceTree = "<group>"; };
		34EBED972BBDA5A4009297AC /* TransactionDetailsUITests.xctest */ = {isa = PBXFileReference; explicitFileType = wrapper.cfbundle; includeInIndex = 0; path = TransactionDetailsUITests.xctest; sourceTree = BUILT_PRODUCTS_DIR; };
		34EBED9B2BBDA5A4009297AC /* TransactionDetailsUITests.swift */ = {isa = PBXFileReference; lastKnownFileType = sourcecode.swift; path = TransactionDetailsUITests.swift; sourceTree = "<group>"; };
		34EBED9D2BBDA5A4009297AC /* TransactionDetailsUITestsLaunchTests.swift */ = {isa = PBXFileReference; lastKnownFileType = sourcecode.swift; path = TransactionDetailsUITestsLaunchTests.swift; sourceTree = "<group>"; };
/* End PBXFileReference section */

/* Begin PBXFrameworksBuildPhase section */
		34EBED7A2BBDA5A2009297AC /* Frameworks */ = {
			isa = PBXFrameworksBuildPhase;
			buildActionMask = 2147483647;
			files = (
			);
			runOnlyForDeploymentPostprocessing = 0;
		};
		34EBED8A2BBDA5A4009297AC /* Frameworks */ = {
			isa = PBXFrameworksBuildPhase;
			buildActionMask = 2147483647;
			files = (
			);
			runOnlyForDeploymentPostprocessing = 0;
		};
		34EBED942BBDA5A4009297AC /* Frameworks */ = {
			isa = PBXFrameworksBuildPhase;
			buildActionMask = 2147483647;
			files = (
			);
			runOnlyForDeploymentPostprocessing = 0;
		};
/* End PBXFrameworksBuildPhase section */

/* Begin PBXGroup section */
		34EBED742BBDA5A2009297AC = {
			isa = PBXGroup;
			children = (
				34EBED7F2BBDA5A2009297AC /* TransactionDetails */,
				34EBED902BBDA5A4009297AC /* TransactionDetailsTests */,
				34EBED9A2BBDA5A4009297AC /* TransactionDetailsUITests */,
				34EBED7E2BBDA5A2009297AC /* Products */,
			);
			sourceTree = "<group>";
		};
		34EBED7E2BBDA5A2009297AC /* Products */ = {
			isa = PBXGroup;
			children = (
				34EBED7D2BBDA5A2009297AC /* TransactionDetails.app */,
				34EBED8D2BBDA5A4009297AC /* TransactionDetailsTests.xctest */,
				34EBED972BBDA5A4009297AC /* TransactionDetailsUITests.xctest */,
			);
			name = Products;
			sourceTree = "<group>";
		};
		34EBED7F2BBDA5A2009297AC /* TransactionDetails */ = {
			isa = PBXGroup;
			children = (
				34EBED802BBDA5A2009297AC /* TransactionDetailsApp.swift */,
				34EBED822BBDA5A2009297AC /* ContentView.swift */,
				34EBED842BBDA5A4009297AC /* Assets.xcassets */,
				34EBED862BBDA5A4009297AC /* Preview Content */,
			);
			path = TransactionDetails;
			sourceTree = "<group>";
		};
		34EBED862BBDA5A4009297AC /* Preview Content */ = {
			isa = PBXGroup;
			children = (
				34EBED872BBDA5A4009297AC /* Preview Assets.xcassets */,
			);
			path = "Preview Content";
			sourceTree = "<group>";
		};
		34EBED902BBDA5A4009297AC /* TransactionDetailsTests */ = {
			isa = PBXGroup;
			children = (
				34EBED912BBDA5A4009297AC /* TransactionDetailsTests.swift */,
			);
			path = TransactionDetailsTests;
			sourceTree = "<group>";
		};
		34EBED9A2BBDA5A4009297AC /* TransactionDetailsUITests */ = {
			isa = PBXGroup;
			children = (
				34EBED9B2BBDA5A4009297AC /* TransactionDetailsUITests.swift */,
				34EBED9D2BBDA5A4009297AC /* TransactionDetailsUITestsLaunchTests.swift */,
			);
			path = TransactionDetailsUITests;
			sourceTree = "<group>";
		};
/* End PBXGroup section */

/* Begin PBXNativeTarget section */
		34EBED7C2BBDA5A2009297AC /* TransactionDetails */ = {
			isa = PBXNativeTarget;
			buildConfigurationList = 34EBEDA12BBDA5A4009297AC /* Build configuration list for PBXNativeTarget "TransactionDetails" */;
			buildPhases = (
				34EBED792BBDA5A2009297AC /* Sources */,
				34EBED7A2BBDA5A2009297AC /* Frameworks */,
				34EBED7B2BBDA5A2009297AC /* Resources */,
			);
			buildRules = (
			);
			dependencies = (
			);
			name = TransactionDetails;
			productName = TransactionDetails;
			productReference = 34EBED7D2BBDA5A2009297AC /* TransactionDetails.app */;
			productType = "com.apple.product-type.application";
		};
		34EBED8C2BBDA5A4009297AC /* TransactionDetailsTests */ = {
			isa = PBXNativeTarget;
			buildConfigurationList = 34EBEDA42BBDA5A4009297AC /* Build configuration list for PBXNativeTarget "TransactionDetailsTests" */;
			buildPhases = (
				34EBED892BBDA5A4009297AC /* Sources */,
				34EBED8A2BBDA5A4009297AC /* Frameworks */,
				34EBED8B2BBDA5A4009297AC /* Resources */,
			);
			buildRules = (
			);
			dependencies = (
				34EBED8F2BBDA5A4009297AC /* PBXTargetDependency */,
			);
			name = TransactionDetailsTests;
			productName = TransactionDetailsTests;
			productReference = 34EBED8D2BBDA5A4009297AC /* TransactionDetailsTests.xctest */;
			productType = "com.apple.product-type.bundle.unit-test";
		};
		34EBED962BBDA5A4009297AC /* TransactionDetailsUITests */ = {
			isa = PBXNativeTarget;
			buildConfigurationList = 34EBEDA72BBDA5A4009297AC /* Build configuration list for PBXNativeTarget "TransactionDetailsUITests" */;
			buildPhases = (
				34EBED932BBDA5A4009297AC /* Sources */,
				34EBED942BBDA5A4009297AC /* Frameworks */,
				34EBED952BBDA5A4009297AC /* Resources */,
			);
			buildRules = (
			);
			dependencies = (
				34EBED992BBDA5A4009297AC /* PBXTargetDependency */,
			);
			name = TransactionDetailsUITests;
			productName = TransactionDetailsUITests;
			productReference = 34EBED972BBDA5A4009297AC /* TransactionDetailsUITests.xctest */;
			productType = "com.apple.product-type.bundle.ui-testing";
		};
/* End PBXNativeTarget section */

/* Begin PBXProject section */
		34EBED752BBDA5A2009297AC /* Project object */ = {
			isa = PBXProject;
			attributes = {
				BuildIndependentTargetsInParallel = 1;
				LastSwiftUpdateCheck = 1530;
				LastUpgradeCheck = 1530;
				TargetAttributes = {
					34EBED7C2BBDA5A2009297AC = {
						CreatedOnToolsVersion = 15.3;
					};
					34EBED8C2BBDA5A4009297AC = {
						CreatedOnToolsVersion = 15.3;
						TestTargetID = 34EBED7C2BBDA5A2009297AC;
					};
					34EBED962BBDA5A4009297AC = {
						CreatedOnToolsVersion = 15.3;
						TestTargetID = 34EBED7C2BBDA5A2009297AC;
					};
				};
			};
			buildConfigurationList = 34EBED782BBDA5A2009297AC /* Build configuration list for PBXProject "TransactionDetails" */;
			compatibilityVersion = "Xcode 14.0";
			developmentRegion = en;
			hasScannedForEncodings = 0;
			knownRegions = (
				en,
				Base,
			);
			mainGroup = 34EBED742BBDA5A2009297AC;
			productRefGroup = 34EBED7E2BBDA5A2009297AC /* Products */;
			projectDirPath = "";
			projectRoot = "";
			targets = (
				34EBED7C2BBDA5A2009297AC /* TransactionDetails */,
				34EBED8C2BBDA5A4009297AC /* TransactionDetailsTests */,
				34EBED962BBDA5A4009297AC /* TransactionDetailsUITests */,
			);
		};
/* End PBXProject section */

/* Begin PBXResourcesBuildPhase section */
		34EBED7B2BBDA5A2009297AC /* Resources */ = {
			isa = PBXResourcesBuildPhase;
			buildActionMask = 2147483647;
			files = (
				34EBED882BBDA5A4009297AC /* Preview Assets.xcassets in Resources */,
				34EBED852BBDA5A4009297AC /* Assets.xcassets in Resources */,
			);
			runOnlyForDeploymentPostprocessing = 0;
		};
		34EBED8B2BBDA5A4009297AC /* Resources */ = {
			isa = PBXResourcesBuildPhase;
			buildActionMask = 2147483647;
			files = (
			);
			runOnlyForDeploymentPostprocessing = 0;
		};
		34EBED952BBDA5A4009297AC /* Resources */ = {
			isa = PBXResourcesBuildPhase;
			buildActionMask = 2147483647;
			files = (
			);
			runOnlyForDeploymentPostprocessing = 0;
		};
/* End PBXResourcesBuildPhase section */

/* Begin PBXSourcesBuildPhase section */
		34EBED792BBDA5A2009297AC /* Sources */ = {
			isa = PBXSourcesBuildPhase;
			buildActionMask = 2147483647;
			files = (
				34EBED832BBDA5A2009297AC /* ContentView.swift in Sources */,
				34EBED812BBDA5A2009297AC /* TransactionDetailsApp.swift in Sources */,
			);
			runOnlyForDeploymentPostprocessing = 0;
		};
		34EBED892BBDA5A4009297AC /* Sources */ = {
			isa = PBXSourcesBuildPhase;
			buildActionMask = 2147483647;
			files = (
				34EBED922BBDA5A4009297AC /* TransactionDetailsTests.swift in Sources */,
			);
			runOnlyForDeploymentPostprocessing = 0;
		};
		34EBED932BBDA5A4009297AC /* Sources */ = {
			isa = PBXSourcesBuildPhase;
			buildActionMask = 2147483647;
			files = (
				34EBED9E2BBDA5A4009297AC /* TransactionDetailsUITestsLaunchTests.swift in Sources */,
				34EBED9C2BBDA5A4009297AC /* TransactionDetailsUITests.swift in Sources */,
			);
			runOnlyForDeploymentPostprocessing = 0;
		};
/* End PBXSourcesBuildPhase section */

/* Begin PBXTargetDependency section */
		34EBED8F2BBDA5A4009297AC /* PBXTargetDependency */ = {
			isa = PBXTargetDependency;
			target = 34EBED7C2BBDA5A2009297AC /* TransactionDetails */;
			targetProxy = 34EBED8E2BBDA5A4009297AC /* PBXContainerItemProxy */;
		};
		34EBED992BBDA5A4009297AC /* PBXTargetDependency */ = {
			isa = PBXTargetDependency;
			target = 34EBED7C2BBDA5A2009297AC /* TransactionDetails */;
			targetProxy = 34EBED982BBDA5A4009297AC /* PBXContainerItemProxy */;
		};
/* End PBXTargetDependency section */

/* Begin XCBuildConfiguration section */
		34EBED9F2BBDA5A4009297AC /* Debug */ = {
			isa = XCBuildConfiguration;
			buildSettings = {
				ALWAYS_SEARCH_USER_PATHS = NO;
				ASSETCATALOG_COMPILER_GENERATE_SWIFT_ASSET_SYMBOL_EXTENSIONS = YES;
				CLANG_ANALYZER_NONNULL = YES;
				CLANG_ANALYZER_NUMBER_OBJECT_CONVERSION = YES_AGGRESSIVE;
				CLANG_CXX_LANGUAGE_STANDARD = "gnu++20";
				CLANG_ENABLE_MODULES = YES;
				CLANG_ENABLE_OBJC_ARC = YES;
				CLANG_ENABLE_OBJC_WEAK = YES;
				CLANG_WARN_BLOCK_CAPTURE_AUTORELEASING = YES;
				CLANG_WARN_BOOL_CONVERSION = YES;
				CLANG_WARN_COMMA = YES;
				CLANG_WARN_CONSTANT_CONVERSION = YES;
				CLANG_WARN_DEPRECATED_OBJC_IMPLEMENTATIONS = YES;
				CLANG_WARN_DIRECT_OBJC_ISA_USAGE = YES_ERROR;
				CLANG_WARN_DOCUMENTATION_COMMENTS = YES;
				CLANG_WARN_EMPTY_BODY = YES;
				CLANG_WARN_ENUM_CONVERSION = YES;
				CLANG_WARN_INFINITE_RECURSION = YES;
				CLANG_WARN_INT_CONVERSION = YES;
				CLANG_WARN_NON_LITERAL_NULL_CONVERSION = YES;
				CLANG_WARN_OBJC_IMPLICIT_RETAIN_SELF = YES;
				CLANG_WARN_OBJC_LITERAL_CONVERSION = YES;
				CLANG_WARN_OBJC_ROOT_CLASS = YES_ERROR;
				CLANG_WARN_QUOTED_INCLUDE_IN_FRAMEWORK_HEADER = YES;
				CLANG_WARN_RANGE_LOOP_ANALYSIS = YES;
				CLANG_WARN_STRICT_PROTOTYPES = YES;
				CLANG_WARN_SUSPICIOUS_MOVE = YES;
				CLANG_WARN_UNGUARDED_AVAILABILITY = YES_AGGRESSIVE;
				CLANG_WARN_UNREACHABLE_CODE = YES;
				CLANG_WARN__DUPLICATE_METHOD_MATCH = YES;
				COPY_PHASE_STRIP = NO;
				DEBUG_INFORMATION_FORMAT = dwarf;
				ENABLE_STRICT_OBJC_MSGSEND = YES;
				ENABLE_TESTABILITY = YES;
				ENABLE_USER_SCRIPT_SANDBOXING = YES;
				GCC_C_LANGUAGE_STANDARD = gnu17;
				GCC_DYNAMIC_NO_PIC = NO;
				GCC_NO_COMMON_BLOCKS = YES;
				GCC_OPTIMIZATION_LEVEL = 0;
				GCC_PREPROCESSOR_DEFINITIONS = (
					"DEBUG=1",
					"$(inherited)",
				);
				GCC_WARN_64_TO_32_BIT_CONVERSION = YES;
				GCC_WARN_ABOUT_RETURN_TYPE = YES_ERROR;
				GCC_WARN_UNDECLARED_SELECTOR = YES;
				GCC_WARN_UNINITIALIZED_AUTOS = YES_AGGRESSIVE;
				GCC_WARN_UNUSED_FUNCTION = YES;
				GCC_WARN_UNUSED_VARIABLE = YES;
				IPHONEOS_DEPLOYMENT_TARGET = 17.4;
				LOCALIZATION_PREFERS_STRING_CATALOGS = YES;
				MTL_ENABLE_DEBUG_INFO = INCLUDE_SOURCE;
				MTL_FAST_MATH = YES;
				ONLY_ACTIVE_ARCH = YES;
				SDKROOT = iphoneos;
				SWIFT_ACTIVE_COMPILATION_CONDITIONS = "DEBUG $(inherited)";
				SWIFT_OPTIMIZATION_LEVEL = "-Onone";
			};
			name = Debug;
		};
		34EBEDA02BBDA5A4009297AC /* Release */ = {
			isa = XCBuildConfiguration;
			buildSettings = {
				ALWAYS_SEARCH_USER_PATHS = NO;
				ASSETCATALOG_COMPILER_GENERATE_SWIFT_ASSET_SYMBOL_EXTENSIONS = YES;
				CLANG_ANALYZER_NONNULL = YES;
				CLANG_ANALYZER_NUMBER_OBJECT_CONVERSION = YES_AGGRESSIVE;
				CLANG_CXX_LANGUAGE_STANDARD = "gnu++20";
				CLANG_ENABLE_MODULES = YES;
				CLANG_ENABLE_OBJC_ARC = YES;
				CLANG_ENABLE_OBJC_WEAK = YES;
				CLANG_WARN_BLOCK_CAPTURE_AUTORELEASING = YES;
				CLANG_WARN_BOOL_CONVERSION = YES;
				CLANG_WARN_COMMA = YES;
				CLANG_WARN_CONSTANT_CONVERSION = YES;
				CLANG_WARN_DEPRECATED_OBJC_IMPLEMENTATIONS = YES;
				CLANG_WARN_DIRECT_OBJC_ISA_USAGE = YES_ERROR;
				CLANG_WARN_DOCUMENTATION_COMMENTS = YES;
				CLANG_WARN_EMPTY_BODY = YES;
				CLANG_WARN_ENUM_CONVERSION = YES;
				CLANG_WARN_INFINITE_RECURSION = YES;
				CLANG_WARN_INT_CONVERSION = YES;
				CLANG_WARN_NON_LITERAL_NULL_CONVERSION = YES;
				CLANG_WARN_OBJC_IMPLICIT_RETAIN_SELF = YES;
				CLANG_WARN_OBJC_LITERAL_CONVERSION = YES;
				CLANG_WARN_OBJC_ROOT_CLASS = YES_ERROR;
				CLANG_WARN_QUOTED_INCLUDE_IN_FRAMEWORK_HEADER = YES;
				CLANG_WARN_RANGE_LOOP_ANALYSIS = YES;
				CLANG_WARN_STRICT_PROTOTYPES = YES;
				CLANG_WARN_SUSPICIOUS_MOVE = YES;
				CLANG_WARN_UNGUARDED_AVAILABILITY = YES_AGGRESSIVE;
				CLANG_WARN_UNREACHABLE_CODE = YES;
				CLANG_WARN__DUPLICATE_METHOD_MATCH = YES;
				COPY_PHASE_STRIP = NO;
				DEBUG_INFORMATION_FORMAT = "dwarf-with-dsym";
				ENABLE_NS_ASSERTIONS = NO;
				ENABLE_STRICT_OBJC_MSGSEND = YES;
				ENABLE_USER_SCRIPT_SANDBOXING = YES;
				GCC_C_LANGUAGE_STANDARD = gnu17;
				GCC_NO_COMMON_BLOCKS = YES;
				GCC_WARN_64_TO_32_BIT_CONVERSION = YES;
				GCC_WARN_ABOUT_RETURN_TYPE = YES_ERROR;
				GCC_WARN_UNDECLARED_SELECTOR = YES;
				GCC_WARN_UNINITIALIZED_AUTOS = YES_AGGRESSIVE;
				GCC_WARN_UNUSED_FUNCTION = YES;
				GCC_WARN_UNUSED_VARIABLE = YES;
				IPHONEOS_DEPLOYMENT_TARGET = 17.4;
				LOCALIZATION_PREFERS_STRING_CATALOGS = YES;
				MTL_ENABLE_DEBUG_INFO = NO;
				MTL_FAST_MATH = YES;
				SDKROOT = iphoneos;
				SWIFT_COMPILATION_MODE = wholemodule;
				VALIDATE_PRODUCT = YES;
			};
			name = Release;
		};
		34EBEDA22BBDA5A4009297AC /* Debug */ = {
			isa = XCBuildConfiguration;
			buildSettings = {
				ASSETCATALOG_COMPILER_APPICON_NAME = AppIcon;
				ASSETCATALOG_COMPILER_GLOBAL_ACCENT_COLOR_NAME = AccentColor;
				CODE_SIGN_STYLE = Automatic;
				CURRENT_PROJECT_VERSION = 1;
				DEVELOPMENT_ASSET_PATHS = "\"TransactionDetails/Preview Content\"";
				DEVELOPMENT_TEAM = 375U999S53;
				ENABLE_PREVIEWS = YES;
				GENERATE_INFOPLIST_FILE = YES;
				INFOPLIST_KEY_UIApplicationSceneManifest_Generation = YES;
				INFOPLIST_KEY_UIApplicationSupportsIndirectInputEvents = YES;
				INFOPLIST_KEY_UILaunchScreen_Generation = YES;
				INFOPLIST_KEY_UISupportedInterfaceOrientations_iPad = "UIInterfaceOrientationPortrait UIInterfaceOrientationPortraitUpsideDown UIInterfaceOrientationLandscapeLeft UIInterfaceOrientationLandscapeRight";
				INFOPLIST_KEY_UISupportedInterfaceOrientations_iPhone = "UIInterfaceOrientationPortrait UIInterfaceOrientationLandscapeLeft UIInterfaceOrientationLandscapeRight";
				LD_RUNPATH_SEARCH_PATHS = (
					"$(inherited)",
					"@executable_path/Frameworks",
				);
				MARKETING_VERSION = 1.0;
				PRODUCT_BUNDLE_IDENTIFIER = com.mobility.TransactionDetails;
				PRODUCT_NAME = "$(TARGET_NAME)";
				SWIFT_EMIT_LOC_STRINGS = YES;
				SWIFT_VERSION = 5.0;
				TARGETED_DEVICE_FAMILY = "1,2";
			};
			name = Debug;
		};
		34EBEDA32BBDA5A4009297AC /* Release */ = {
			isa = XCBuildConfiguration;
			buildSettings = {
				ASSETCATALOG_COMPILER_APPICON_NAME = AppIcon;
				ASSETCATALOG_COMPILER_GLOBAL_ACCENT_COLOR_NAME = AccentColor;
				CODE_SIGN_STYLE = Automatic;
				CURRENT_PROJECT_VERSION = 1;
				DEVELOPMENT_ASSET_PATHS = "\"TransactionDetails/Preview Content\"";
				DEVELOPMENT_TEAM = 375U999S53;
				ENABLE_PREVIEWS = YES;
				GENERATE_INFOPLIST_FILE = YES;
				INFOPLIST_KEY_UIApplicationSceneManifest_Generation = YES;
				INFOPLIST_KEY_UIApplicationSupportsIndirectInputEvents = YES;
				INFOPLIST_KEY_UILaunchScreen_Generation = YES;
				INFOPLIST_KEY_UISupportedInterfaceOrientations_iPad = "UIInterfaceOrientationPortrait UIInterfaceOrientationPortraitUpsideDown UIInterfaceOrientationLandscapeLeft UIInterfaceOrientationLandscapeRight";
				INFOPLIST_KEY_UISupportedInterfaceOrientations_iPhone = "UIInterfaceOrientationPortrait UIInterfaceOrientationLandscapeLeft UIInterfaceOrientationLandscapeRight";
				LD_RUNPATH_SEARCH_PATHS = (
					"$(inherited)",
					"@executable_path/Frameworks",
				);
				MARKETING_VERSION = 1.0;
				PRODUCT_BUNDLE_IDENTIFIER = com.mobility.TransactionDetails;
				PRODUCT_NAME = "$(TARGET_NAME)";
				SWIFT_EMIT_LOC_STRINGS = YES;
				SWIFT_VERSION = 5.0;
				TARGETED_DEVICE_FAMILY = "1,2";
			};
			name = Release;
		};
		34EBEDA52BBDA5A4009297AC /* Debug */ = {
			isa = XCBuildConfiguration;
			buildSettings = {
				ALWAYS_EMBED_SWIFT_STANDARD_LIBRARIES = YES;
				BUNDLE_LOADER = "$(TEST_HOST)";
				CODE_SIGN_STYLE = Automatic;
				CURRENT_PROJECT_VERSION = 1;
				DEVELOPMENT_TEAM = 375U999S53;
				GENERATE_INFOPLIST_FILE = YES;
				IPHONEOS_DEPLOYMENT_TARGET = 17.4;
				MARKETING_VERSION = 1.0;
				PRODUCT_BUNDLE_IDENTIFIER = com.mobility.TransactionDetailsTests;
				PRODUCT_NAME = "$(TARGET_NAME)";
				SWIFT_EMIT_LOC_STRINGS = NO;
				SWIFT_VERSION = 5.0;
				TARGETED_DEVICE_FAMILY = "1,2";
				TEST_HOST = "$(BUILT_PRODUCTS_DIR)/TransactionDetails.app/$(BUNDLE_EXECUTABLE_FOLDER_PATH)/TransactionDetails";
			};
			name = Debug;
		};
		34EBEDA62BBDA5A4009297AC /* Release */ = {
			isa = XCBuildConfiguration;
			buildSettings = {
				ALWAYS_EMBED_SWIFT_STANDARD_LIBRARIES = YES;
				BUNDLE_LOADER = "$(TEST_HOST)";
				CODE_SIGN_STYLE = Automatic;
				CURRENT_PROJECT_VERSION = 1;
				DEVELOPMENT_TEAM = 375U999S53;
				GENERATE_INFOPLIST_FILE = YES;
				IPHONEOS_DEPLOYMENT_TARGET = 17.4;
				MARKETING_VERSION = 1.0;
				PRODUCT_BUNDLE_IDENTIFIER = com.mobility.TransactionDetailsTests;
				PRODUCT_NAME = "$(TARGET_NAME)";
				SWIFT_EMIT_LOC_STRINGS = NO;
				SWIFT_VERSION = 5.0;
				TARGETED_DEVICE_FAMILY = "1,2";
				TEST_HOST = "$(BUILT_PRODUCTS_DIR)/TransactionDetails.app/$(BUNDLE_EXECUTABLE_FOLDER_PATH)/TransactionDetails";
			};
			name = Release;
		};
		34EBEDA82BBDA5A4009297AC /* Debug */ = {
			isa = XCBuildConfiguration;
			buildSettings = {
				ALWAYS_EMBED_SWIFT_STANDARD_LIBRARIES = YES;
				CODE_SIGN_STYLE = Automatic;
				CURRENT_PROJECT_VERSION = 1;
				DEVELOPMENT_TEAM = 375U999S53;
				GENERATE_INFOPLIST_FILE = YES;
				MARKETING_VERSION = 1.0;
				PRODUCT_BUNDLE_IDENTIFIER = com.mobility.TransactionDetailsUITests;
				PRODUCT_NAME = "$(TARGET_NAME)";
				SWIFT_EMIT_LOC_STRINGS = NO;
				SWIFT_VERSION = 5.0;
				TARGETED_DEVICE_FAMILY = "1,2";
				TEST_TARGET_NAME = TransactionDetails;
			};
			name = Debug;
		};
		34EBEDA92BBDA5A4009297AC /* Release */ = {
			isa = XCBuildConfiguration;
			buildSettings = {
				ALWAYS_EMBED_SWIFT_STANDARD_LIBRARIES = YES;
				CODE_SIGN_STYLE = Automatic;
				CURRENT_PROJECT_VERSION = 1;
				DEVELOPMENT_TEAM = 375U999S53;
				GENERATE_INFOPLIST_FILE = YES;
				MARKETING_VERSION = 1.0;
				PRODUCT_BUNDLE_IDENTIFIER = com.mobility.TransactionDetailsUITests;
				PRODUCT_NAME = "$(TARGET_NAME)";
				SWIFT_EMIT_LOC_STRINGS = NO;
				SWIFT_VERSION = 5.0;
				TARGETED_DEVICE_FAMILY = "1,2";
				TEST_TARGET_NAME = TransactionDetails;
			};
			name = Release;
		};
/* End XCBuildConfiguration section */

/* Begin XCConfigurationList section */
		34EBED782BBDA5A2009297AC /* Build configuration list for PBXProject "TransactionDetails" */ = {
			isa = XCConfigurationList;
			buildConfigurations = (
				34EBED9F2BBDA5A4009297AC /* Debug */,
				34EBEDA02BBDA5A4009297AC /* Release */,
			);
			defaultConfigurationIsVisible = 0;
			defaultConfigurationName = Release;
		};
		34EBEDA12BBDA5A4009297AC /* Build configuration list for PBXNativeTarget "TransactionDetails" */ = {
			isa = XCConfigurationList;
			buildConfigurations = (
				34EBEDA22BBDA5A4009297AC /* Debug */,
				34EBEDA32BBDA5A4009297AC /* Release */,
			);
			defaultConfigurationIsVisible = 0;
			defaultConfigurationName = Release;
		};
		34EBEDA42BBDA5A4009297AC /* Build configuration list for PBXNativeTarget "TransactionDetailsTests" */ = {
			isa = XCConfigurationList;
			buildConfigurations = (
				34EBEDA52BBDA5A4009297AC /* Debug */,
				34EBEDA62BBDA5A4009297AC /* Release */,
			);
			defaultConfigurationIsVisible = 0;
			defaultConfigurationName = Release;
		};
		34EBEDA72BBDA5A4009297AC /* Build configuration list for PBXNativeTarget "TransactionDetailsUITests" */ = {
			isa = XCConfigurationList;
			buildConfigurations = (
				34EBEDA82BBDA5A4009297AC /* Debug */,
				34EBEDA92BBDA5A4009297AC /* Release */,
			);
			defaultConfigurationIsVisible = 0;
			defaultConfigurationName = Release;
		};
/* End XCConfigurationList section */
	};
	rootObject = 34EBED752BBDA5A2009297AC /* Project object */;
}
