// !$*UTF8*$!
{
	archiveVersion = 1;
	classes = {
	};
	objectVersion = 56;
	objects = {

/* Begin PBXBuildFile section */
		34710D922BBE7DD5003C7EBB /* PendingTransactionsViewModel.swift in Sources */ = {isa = PBXBuildFile; fileRef = 34710D912BBE7DD5003C7EBB /* PendingTransactionsViewModel.swift */; };
		34710DA02BBE9522003C7EBB /* PendingDetailsView.swift in Sources */ = {isa = PBXBuildFile; fileRef = 34710D9F2BBE9522003C7EBB /* PendingDetailsView.swift */; };
		34710DA32BBE9F28003C7EBB /* Utility.swift in Sources */ = {isa = PBXBuildFile; fileRef = 34710DA22BBE9F28003C7EBB /* Utility.swift */; };
		34710DA52BBEBD03003C7EBB /* CompletedTransactionsView.swift in Sources */ = {isa = PBXBuildFile; fileRef = 34710DA42BBEBD03003C7EBB /* CompletedTransactionsView.swift */; };
		34710DA82BBED920003C7EBB /* MockJSONRequestManager.swift in Sources */ = {isa = PBXBuildFile; fileRef = 34710DA72BBED920003C7EBB /* MockJSONRequestManager.swift */; };
		34710DAA2BBED9D7003C7EBB /* Test.json in Resources */ = {isa = PBXBuildFile; fileRef = 34710DA92BBED9D7003C7EBB /* Test.json */; };
		34710DAC2BBEDB84003C7EBB /* MockUserAccountRepository.swift in Sources */ = {isa = PBXBuildFile; fileRef = 34710DAB2BBEDB84003C7EBB /* MockUserAccountRepository.swift */; };
		34710DAE2BBEE0D7003C7EBB /* BalanceDetailsViewModelTests.swift in Sources */ = {isa = PBXBuildFile; fileRef = 34710DAD2BBEE0D7003C7EBB /* BalanceDetailsViewModelTests.swift */; };
		34EBED812BBDA5A2009297AC /* TransactionDetailsApp.swift in Sources */ = {isa = PBXBuildFile; fileRef = 34EBED802BBDA5A2009297AC /* TransactionDetailsApp.swift */; };
		34EBED832BBDA5A2009297AC /* ContentView.swift in Sources */ = {isa = PBXBuildFile; fileRef = 34EBED822BBDA5A2009297AC /* ContentView.swift */; };
		34EBED852BBDA5A4009297AC /* Assets.xcassets in Resources */ = {isa = PBXBuildFile; fileRef = 34EBED842BBDA5A4009297AC /* Assets.xcassets */; };
		34EBED882BBDA5A4009297AC /* Preview Assets.xcassets in Resources */ = {isa = PBXBuildFile; fileRef = 34EBED872BBDA5A4009297AC /* Preview Assets.xcassets */; };
		34EBEDAB2BBDA5C5009297AC /* Sample.json in Resources */ = {isa = PBXBuildFile; fileRef = 34EBEDAA2BBDA5C5009297AC /* Sample.json */; };
		34EBEDAD2BBDA818009297AC /* BalanceDetailsView.swift in Sources */ = {isa = PBXBuildFile; fileRef = 34EBEDAC2BBDA818009297AC /* BalanceDetailsView.swift */; };
		34EBEDAF2BBDC463009297AC /* TransactionDetailsView.swift in Sources */ = {isa = PBXBuildFile; fileRef = 34EBEDAE2BBDC463009297AC /* TransactionDetailsView.swift */; };
		34EBEDB32BBDC4BC009297AC /* UserAccountDataResult.swift in Sources */ = {isa = PBXBuildFile; fileRef = 34EBEDB22BBDC4BC009297AC /* UserAccountDataResult.swift */; };
		34EBEDB72BBDCA69009297AC /* JSONRequestManager.swift in Sources */ = {isa = PBXBuildFile; fileRef = 34EBEDB62BBDCA69009297AC /* JSONRequestManager.swift */; };
		34EBEDB92BBDCB91009297AC /* UserAccountProtocol.swift in Sources */ = {isa = PBXBuildFile; fileRef = 34EBEDB82BBDCB91009297AC /* UserAccountProtocol.swift */; };
		34EBEDBB2BBDCBD4009297AC /* JSONRequestProtocol.swift in Sources */ = {isa = PBXBuildFile; fileRef = 34EBEDBA2BBDCBD4009297AC /* JSONRequestProtocol.swift */; };
		34EBEDC12BBDD2F8009297AC /* UserAccountRepository.swift in Sources */ = {isa = PBXBuildFile; fileRef = 34EBEDC02BBDD2F8009297AC /* UserAccountRepository.swift */; };
		34EBEDC32BBDD535009297AC /* UserAccountDomainModel.swift in Sources */ = {isa = PBXBuildFile; fileRef = 34EBEDC22BBDD535009297AC /* UserAccountDomainModel.swift */; };
		34EBEDC52BBDDCBC009297AC /* BalanceDetailsViewModel.swift in Sources */ = {isa = PBXBuildFile; fileRef = 34EBEDC42BBDDCBC009297AC /* BalanceDetailsViewModel.swift */; };
/* End PBXBuildFile section */

/* Begin PBXContainerItemProxy section */
		34EBED8E2BBDA5A4009297AC /* PBXContainerItemProxy */ = {
			isa = PBXContainerItemProxy;
			containerPortal = 34EBED752BBDA5A2009297AC /* Project object */;
			proxyType = 1;
			remoteGlobalIDString = 34EBED7C2BBDA5A2009297AC;
			remoteInfo = TransactionDetails;
		};
/* End PBXContainerItemProxy section */

/* Begin PBXFileReference section */
		34710D912BBE7DD5003C7EBB /* PendingTransactionsViewModel.swift */ = {isa = PBXFileReference; lastKnownFileType = sourcecode.swift; path = PendingTransactionsViewModel.swift; sourceTree = "<group>"; };
		34710D9F2BBE9522003C7EBB /* PendingDetailsView.swift */ = {isa = PBXFileReference; lastKnownFileType = sourcecode.swift; path = PendingDetailsView.swift; sourceTree = "<group>"; };
		34710DA22BBE9F28003C7EBB /* Utility.swift */ = {isa = PBXFileReference; lastKnownFileType = sourcecode.swift; path = Utility.swift; sourceTree = "<group>"; };
		34710DA42BBEBD03003C7EBB /* CompletedTransactionsView.swift */ = {isa = PBXFileReference; lastKnownFileType = sourcecode.swift; path = CompletedTransactionsView.swift; sourceTree = "<group>"; };
		34710DA72BBED920003C7EBB /* MockJSONRequestManager.swift */ = {isa = PBXFileReference; lastKnownFileType = sourcecode.swift; path = MockJSONRequestManager.swift; sourceTree = "<group>"; };
		34710DA92BBED9D7003C7EBB /* Test.json */ = {isa = PBXFileReference; lastKnownFileType = text.json; path = Test.json; sourceTree = "<group>"; };
		34710DAB2BBEDB84003C7EBB /* MockUserAccountRepository.swift */ = {isa = PBXFileReference; lastKnownFileType = sourcecode.swift; path = MockUserAccountRepository.swift; sourceTree = "<group>"; };
		34710DAD2BBEE0D7003C7EBB /* BalanceDetailsViewModelTests.swift */ = {isa = PBXFileReference; lastKnownFileType = sourcecode.swift; path = BalanceDetailsViewModelTests.swift; sourceTree = "<group>"; };
		34EBED7D2BBDA5A2009297AC /* TransactionDetails.app */ = {isa = PBXFileReference; explicitFileType = wrapper.application; includeInIndex = 0; path = TransactionDetails.app; sourceTree = BUILT_PRODUCTS_DIR; };
		34EBED802BBDA5A2009297AC /* TransactionDetailsApp.swift */ = {isa = PBXFileReference; lastKnownFileType = sourcecode.swift; name = TransactionDetailsApp.swift; path = TransactionDetails/Views/TransactionDetailsApp.swift; sourceTree = SOURCE_ROOT; };
		34EBED822BBDA5A2009297AC /* ContentView.swift */ = {isa = PBXFileReference; lastKnownFileType = sourcecode.swift; path = ContentView.swift; sourceTree = "<group>"; };
		34EBED842BBDA5A4009297AC /* Assets.xcassets */ = {isa = PBXFileReference; lastKnownFileType = folder.assetcatalog; path = Assets.xcassets; sourceTree = "<group>"; };
		34EBED872BBDA5A4009297AC /* Preview Assets.xcassets */ = {isa = PBXFileReference; lastKnownFileType = folder.assetcatalog; path = "Preview Assets.xcassets"; sourceTree = "<group>"; };
		34EBED8D2BBDA5A4009297AC /* TransactionDetailsTests.xctest */ = {isa = PBXFileReference; explicitFileType = wrapper.cfbundle; includeInIndex = 0; path = TransactionDetailsTests.xctest; sourceTree = BUILT_PRODUCTS_DIR; };
		34EBEDAA2BBDA5C5009297AC /* Sample.json */ = {isa = PBXFileReference; fileEncoding = 4; lastKnownFileType = text.json; path = Sample.json; sourceTree = "<group>"; };
		34EBEDAC2BBDA818009297AC /* BalanceDetailsView.swift */ = {isa = PBXFileReference; lastKnownFileType = sourcecode.swift; path = BalanceDetailsView.swift; sourceTree = "<group>"; };
		34EBEDAE2BBDC463009297AC /* TransactionDetailsView.swift */ = {isa = PBXFileReference; lastKnownFileType = sourcecode.swift; path = TransactionDetailsView.swift; sourceTree = "<group>"; };
		34EBEDB22BBDC4BC009297AC /* UserAccountDataResult.swift */ = {isa = PBXFileReference; lastKnownFileType = sourcecode.swift; path = UserAccountDataResult.swift; sourceTree = "<group>"; };
		34EBEDB62BBDCA69009297AC /* JSONRequestManager.swift */ = {isa = PBXFileReference; lastKnownFileType = sourcecode.swift; path = JSONRequestManager.swift; sourceTree = "<group>"; };
		34EBEDB82BBDCB91009297AC /* UserAccountProtocol.swift */ = {isa = PBXFileReference; lastKnownFileType = sourcecode.swift; path = UserAccountProtocol.swift; sourceTree = "<group>"; };
		34EBEDBA2BBDCBD4009297AC /* JSONRequestProtocol.swift */ = {isa = PBXFileReference; lastKnownFileType = sourcecode.swift; path = JSONRequestProtocol.swift; sourceTree = "<group>"; };
		34EBEDC02BBDD2F8009297AC /* UserAccountRepository.swift */ = {isa = PBXFileReference; lastKnownFileType = sourcecode.swift; path = UserAccountRepository.swift; sourceTree = "<group>"; };
		34EBEDC22BBDD535009297AC /* UserAccountDomainModel.swift */ = {isa = PBXFileReference; lastKnownFileType = sourcecode.swift; path = UserAccountDomainModel.swift; sourceTree = "<group>"; };
		34EBEDC42BBDDCBC009297AC /* BalanceDetailsViewModel.swift */ = {isa = PBXFileReference; lastKnownFileType = sourcecode.swift; path = BalanceDetailsViewModel.swift; sourceTree = "<group>"; };
/* End PBXFileReference section */

/* Begin PBXFrameworksBuildPhase section */
		34EBED7A2BBDA5A2009297AC /* Frameworks */ = {
			isa = PBXFrameworksBuildPhase;
			buildActionMask = 2147483647;
			files = (
			);
			runOnlyForDeploymentPostprocessing = 0;
		};
		34EBED8A2BBDA5A4009297AC /* Frameworks */ = {
			isa = PBXFrameworksBuildPhase;
			buildActionMask = 2147483647;
			files = (
			);
			runOnlyForDeploymentPostprocessing = 0;
		};
/* End PBXFrameworksBuildPhase section */

/* Begin PBXGroup section */
		34710D932BBE7E0E003C7EBB /* Service Protocols */ = {
			isa = PBXGroup;
			children = (
				34EBEDB82BBDCB91009297AC /* UserAccountProtocol.swift */,
				34EBEDBA2BBDCBD4009297AC /* JSONRequestProtocol.swift */,
			);
			path = "Service Protocols";
			sourceTree = "<group>";
		};
		34710D942BBE7E25003C7EBB /* Managers */ = {
			isa = PBXGroup;
			children = (
				34EBEDC02BBDD2F8009297AC /* UserAccountRepository.swift */,
				34EBEDB62BBDCA69009297AC /* JSONRequestManager.swift */,
			);
			path = Managers;
			sourceTree = "<group>";
		};
		34710D952BBE7E46003C7EBB /* View Models */ = {
			isa = PBXGroup;
			children = (
				34EBEDC42BBDDCBC009297AC /* BalanceDetailsViewModel.swift */,
				34710D912BBE7DD5003C7EBB /* PendingTransactionsViewModel.swift */,
			);
			path = "View Models";
			sourceTree = "<group>";
		};
		34710D962BBE7E56003C7EBB /* Views */ = {
			isa = PBXGroup;
			children = (
				34EBED802BBDA5A2009297AC /* TransactionDetailsApp.swift */,
				34EBEDAE2BBDC463009297AC /* TransactionDetailsView.swift */,
				34EBEDAC2BBDA818009297AC /* BalanceDetailsView.swift */,
				34EBED822BBDA5A2009297AC /* ContentView.swift */,
				34710D9F2BBE9522003C7EBB /* PendingDetailsView.swift */,
				34710DA42BBEBD03003C7EBB /* CompletedTransactionsView.swift */,
			);
			path = Views;
			sourceTree = "<group>";
		};
		34710D972BBE7E72003C7EBB /* Models */ = {
			isa = PBXGroup;
			children = (
				34EBEDC22BBDD535009297AC /* UserAccountDomainModel.swift */,
				34EBEDB22BBDC4BC009297AC /* UserAccountDataResult.swift */,
			);
			path = Models;
			sourceTree = "<group>";
		};
		34710D982BBE7E87003C7EBB /* JSONs */ = {
			isa = PBXGroup;
			children = (
				34EBEDAA2BBDA5C5009297AC /* Sample.json */,
			);
			path = JSONs;
			sourceTree = "<group>";
		};
		34710DA12BBE9F12003C7EBB /* Utilities */ = {
			isa = PBXGroup;
			children = (
				34710DA22BBE9F28003C7EBB /* Utility.swift */,
			);
			path = Utilities;
			sourceTree = "<group>";
		};
		34710DA62BBED8F4003C7EBB /* Mocks */ = {
			isa = PBXGroup;
			children = (
				34710DA72BBED920003C7EBB /* MockJSONRequestManager.swift */,
				34710DAB2BBEDB84003C7EBB /* MockUserAccountRepository.swift */,
			);
			path = Mocks;
			sourceTree = "<group>";
		};
		34EBED742BBDA5A2009297AC = {
			isa = PBXGroup;
			children = (
				34EBED7F2BBDA5A2009297AC /* TransactionDetails */,
				34EBED902BBDA5A4009297AC /* TransactionDetailsTests */,
				34EBED7E2BBDA5A2009297AC /* Products */,
			);
			sourceTree = "<group>";
		};
		34EBED7E2BBDA5A2009297AC /* Products */ = {
			isa = PBXGroup;
			children = (
				34EBED7D2BBDA5A2009297AC /* TransactionDetails.app */,
				34EBED8D2BBDA5A4009297AC /* TransactionDetailsTests.xctest */,
			);
			name = Products;
			sourceTree = "<group>";
		};
		34EBED7F2BBDA5A2009297AC /* TransactionDetails */ = {
			isa = PBXGroup;
			children = (
				34710DA12BBE9F12003C7EBB /* Utilities */,
				34710D982BBE7E87003C7EBB /* JSONs */,
				34710D972BBE7E72003C7EBB /* Models */,
				34710D962BBE7E56003C7EBB /* Views */,
				34710D952BBE7E46003C7EBB /* View Models */,
				34710D942BBE7E25003C7EBB /* Managers */,
				34710D932BBE7E0E003C7EBB /* Service Protocols */,
				34EBED842BBDA5A4009297AC /* Assets.xcassets */,
				34EBED862BBDA5A4009297AC /* Preview Content */,
			);
			path = TransactionDetails;
			sourceTree = "<group>";
		};
		34EBED862BBDA5A4009297AC /* Preview Content */ = {
			isa = PBXGroup;
			children = (
				34EBED872BBDA5A4009297AC /* Preview Assets.xcassets */,
			);
			path = "Preview Content";
			sourceTree = "<group>";
		};
		34EBED902BBDA5A4009297AC /* TransactionDetailsTests */ = {
			isa = PBXGroup;
			children = (
				34710DA92BBED9D7003C7EBB /* Test.json */,
				34710DA62BBED8F4003C7EBB /* Mocks */,
				34710DAD2BBEE0D7003C7EBB /* BalanceDetailsViewModelTests.swift */,
			);
			path = TransactionDetailsTests;
			sourceTree = "<group>";
		};
/* End PBXGroup section */

/* Begin PBXNativeTarget section */
		34EBED7C2BBDA5A2009297AC /* TransactionDetails */ = {
			isa = PBXNativeTarget;
			buildConfigurationList = 34EBEDA12BBDA5A4009297AC /* Build configuration list for PBXNativeTarget "TransactionDetails" */;
			buildPhases = (
				34EBED792BBDA5A2009297AC /* Sources */,
				34EBED7A2BBDA5A2009297AC /* Frameworks */,
				34EBED7B2BBDA5A2009297AC /* Resources */,
			);
			buildRules = (
			);
			dependencies = (
			);
			name = TransactionDetails;
			productName = TransactionDetails;
			productReference = 34EBED7D2BBDA5A2009297AC /* TransactionDetails.app */;
			productType = "com.apple.product-type.application";
		};
		34EBED8C2BBDA5A4009297AC /* TransactionDetailsTests */ = {
			isa = PBXNativeTarget;
			buildConfigurationList = 34EBEDA42BBDA5A4009297AC /* Build configuration list for PBXNativeTarget "TransactionDetailsTests" */;
			buildPhases = (
				34EBED892BBDA5A4009297AC /* Sources */,
				34EBED8A2BBDA5A4009297AC /* Frameworks */,
				34EBED8B2BBDA5A4009297AC /* Resources */,
			);
			buildRules = (
			);
			dependencies = (
				34EBED8F2BBDA5A4009297AC /* PBXTargetDependency */,
			);
			name = TransactionDetailsTests;
			productName = TransactionDetailsTests;
			productReference = 34EBED8D2BBDA5A4009297AC /* TransactionDetailsTests.xctest */;
			productType = "com.apple.product-type.bundle.unit-test";
		};
/* End PBXNativeTarget section */

/* Begin PBXProject section */
		34EBED752BBDA5A2009297AC /* Project object */ = {
			isa = PBXProject;
			attributes = {
				BuildIndependentTargetsInParallel = 1;
				LastSwiftUpdateCheck = 1530;
				LastUpgradeCheck = 1530;
				TargetAttributes = {
					34EBED7C2BBDA5A2009297AC = {
						CreatedOnToolsVersion = 15.3;
					};
					34EBED8C2BBDA5A4009297AC = {
						CreatedOnToolsVersion = 15.3;
						TestTargetID = 34EBED7C2BBDA5A2009297AC;
					};
				};
			};
			buildConfigurationList = 34EBED782BBDA5A2009297AC /* Build configuration list for PBXProject "TransactionDetails" */;
			compatibilityVersion = "Xcode 14.0";
			developmentRegion = en;
			hasScannedForEncodings = 0;
			knownRegions = (
				en,
				Base,
			);
			mainGroup = 34EBED742BBDA5A2009297AC;
			productRefGroup = 34EBED7E2BBDA5A2009297AC /* Products */;
			projectDirPath = "";
			projectRoot = "";
			targets = (
				34EBED7C2BBDA5A2009297AC /* TransactionDetails */,
				34EBED8C2BBDA5A4009297AC /* TransactionDetailsTests */,
			);
		};
/* End PBXProject section */

/* Begin PBXResourcesBuildPhase section */
		34EBED7B2BBDA5A2009297AC /* Resources */ = {
			isa = PBXResourcesBuildPhase;
			buildActionMask = 2147483647;
			files = (
				34EBED882BBDA5A4009297AC /* Preview Assets.xcassets in Resources */,
				34EBED852BBDA5A4009297AC /* Assets.xcassets in Resources */,
				34EBEDAB2BBDA5C5009297AC /* Sample.json in Resources */,
			);
			runOnlyForDeploymentPostprocessing = 0;
		};
		34EBED8B2BBDA5A4009297AC /* Resources */ = {
			isa = PBXResourcesBuildPhase;
			buildActionMask = 2147483647;
			files = (
				34710DAA2BBED9D7003C7EBB /* Test.json in Resources */,
			);
			runOnlyForDeploymentPostprocessing = 0;
		};
/* End PBXResourcesBuildPhase section */

/* Begin PBXSourcesBuildPhase section */
		34EBED792BBDA5A2009297AC /* Sources */ = {
			isa = PBXSourcesBuildPhase;
			buildActionMask = 2147483647;
			files = (
				34710DA32BBE9F28003C7EBB /* Utility.swift in Sources */,
				34EBEDB32BBDC4BC009297AC /* UserAccountDataResult.swift in Sources */,
				34EBED832BBDA5A2009297AC /* ContentView.swift in Sources */,
				34EBEDAF2BBDC463009297AC /* TransactionDetailsView.swift in Sources */,
				34EBEDBB2BBDCBD4009297AC /* JSONRequestProtocol.swift in Sources */,
				34EBEDC32BBDD535009297AC /* UserAccountDomainModel.swift in Sources */,
				34EBEDB92BBDCB91009297AC /* UserAccountProtocol.swift in Sources */,
				34EBEDC12BBDD2F8009297AC /* UserAccountRepository.swift in Sources */,
				34EBED812BBDA5A2009297AC /* TransactionDetailsApp.swift in Sources */,
				34EBEDAD2BBDA818009297AC /* BalanceDetailsView.swift in Sources */,
				34710DA52BBEBD03003C7EBB /* CompletedTransactionsView.swift in Sources */,
				34710DA02BBE9522003C7EBB /* PendingDetailsView.swift in Sources */,
				34710D922BBE7DD5003C7EBB /* PendingTransactionsViewModel.swift in Sources */,
				34EBEDC52BBDDCBC009297AC /* BalanceDetailsViewModel.swift in Sources */,
				34EBEDB72BBDCA69009297AC /* JSONRequestManager.swift in Sources */,
			);
			runOnlyForDeploymentPostprocessing = 0;
		};
		34EBED892BBDA5A4009297AC /* Sources */ = {
			isa = PBXSourcesBuildPhase;
			buildActionMask = 2147483647;
			files = (
				34710DAE2BBEE0D7003C7EBB /* BalanceDetailsViewModelTests.swift in Sources */,
				34710DA82BBED920003C7EBB /* MockJSONRequestManager.swift in Sources */,
				34710DAC2BBEDB84003C7EBB /* MockUserAccountRepository.swift in Sources */,
			);
			runOnlyForDeploymentPostprocessing = 0;
		};
/* End PBXSourcesBuildPhase section */

/* Begin PBXTargetDependency section */
		34EBED8F2BBDA5A4009297AC /* PBXTargetDependency */ = {
			isa = PBXTargetDependency;
			target = 34EBED7C2BBDA5A2009297AC /* TransactionDetails */;
			targetProxy = 34EBED8E2BBDA5A4009297AC /* PBXContainerItemProxy */;
		};
/* End PBXTargetDependency section */

/* Begin XCBuildConfiguration section */
		34EBED9F2BBDA5A4009297AC /* Debug */ = {
			isa = XCBuildConfiguration;
			buildSettings = {
				ALWAYS_SEARCH_USER_PATHS = NO;
				ASSETCATALOG_COMPILER_GENERATE_SWIFT_ASSET_SYMBOL_EXTENSIONS = YES;
				CLANG_ANALYZER_NONNULL = YES;
				CLANG_ANALYZER_NUMBER_OBJECT_CONVERSION = YES_AGGRESSIVE;
				CLANG_CXX_LANGUAGE_STANDARD = "gnu++20";
				CLANG_ENABLE_MODULES = YES;
				CLANG_ENABLE_OBJC_ARC = YES;
				CLANG_ENABLE_OBJC_WEAK = YES;
				CLANG_WARN_BLOCK_CAPTURE_AUTORELEASING = YES;
				CLANG_WARN_BOOL_CONVERSION = YES;
				CLANG_WARN_COMMA = YES;
				CLANG_WARN_CONSTANT_CONVERSION = YES;
				CLANG_WARN_DEPRECATED_OBJC_IMPLEMENTATIONS = YES;
				CLANG_WARN_DIRECT_OBJC_ISA_USAGE = YES_ERROR;
				CLANG_WARN_DOCUMENTATION_COMMENTS = YES;
				CLANG_WARN_EMPTY_BODY = YES;
				CLANG_WARN_ENUM_CONVERSION = YES;
				CLANG_WARN_INFINITE_RECURSION = YES;
				CLANG_WARN_INT_CONVERSION = YES;
				CLANG_WARN_NON_LITERAL_NULL_CONVERSION = YES;
				CLANG_WARN_OBJC_IMPLICIT_RETAIN_SELF = YES;
				CLANG_WARN_OBJC_LITERAL_CONVERSION = YES;
				CLANG_WARN_OBJC_ROOT_CLASS = YES_ERROR;
				CLANG_WARN_QUOTED_INCLUDE_IN_FRAMEWORK_HEADER = YES;
				CLANG_WARN_RANGE_LOOP_ANALYSIS = YES;
				CLANG_WARN_STRICT_PROTOTYPES = YES;
				CLANG_WARN_SUSPICIOUS_MOVE = YES;
				CLANG_WARN_UNGUARDED_AVAILABILITY = YES_AGGRESSIVE;
				CLANG_WARN_UNREACHABLE_CODE = YES;
				CLANG_WARN__DUPLICATE_METHOD_MATCH = YES;
				COPY_PHASE_STRIP = NO;
				DEBUG_INFORMATION_FORMAT = dwarf;
				ENABLE_STRICT_OBJC_MSGSEND = YES;
				ENABLE_TESTABILITY = YES;
				ENABLE_USER_SCRIPT_SANDBOXING = YES;
				GCC_C_LANGUAGE_STANDARD = gnu17;
				GCC_DYNAMIC_NO_PIC = NO;
				GCC_NO_COMMON_BLOCKS = YES;
				GCC_OPTIMIZATION_LEVEL = 0;
				GCC_PREPROCESSOR_DEFINITIONS = (
					"DEBUG=1",
					"$(inherited)",
				);
				GCC_WARN_64_TO_32_BIT_CONVERSION = YES;
				GCC_WARN_ABOUT_RETURN_TYPE = YES_ERROR;
				GCC_WARN_UNDECLARED_SELECTOR = YES;
				GCC_WARN_UNINITIALIZED_AUTOS = YES_AGGRESSIVE;
				GCC_WARN_UNUSED_FUNCTION = YES;
				GCC_WARN_UNUSED_VARIABLE = YES;
				IPHONEOS_DEPLOYMENT_TARGET = 17.4;
				LOCALIZATION_PREFERS_STRING_CATALOGS = YES;
				MTL_ENABLE_DEBUG_INFO = INCLUDE_SOURCE;
				MTL_FAST_MATH = YES;
				ONLY_ACTIVE_ARCH = YES;
				SDKROOT = iphoneos;
				SWIFT_ACTIVE_COMPILATION_CONDITIONS = "DEBUG $(inherited)";
				SWIFT_OPTIMIZATION_LEVEL = "-Onone";
			};
			name = Debug;
		};
		34EBEDA02BBDA5A4009297AC /* Release */ = {
			isa = XCBuildConfiguration;
			buildSettings = {
				ALWAYS_SEARCH_USER_PATHS = NO;
				ASSETCATALOG_COMPILER_GENERATE_SWIFT_ASSET_SYMBOL_EXTENSIONS = YES;
				CLANG_ANALYZER_NONNULL = YES;
				CLANG_ANALYZER_NUMBER_OBJECT_CONVERSION = YES_AGGRESSIVE;
				CLANG_CXX_LANGUAGE_STANDARD = "gnu++20";
				CLANG_ENABLE_MODULES = YES;
				CLANG_ENABLE_OBJC_ARC = YES;
				CLANG_ENABLE_OBJC_WEAK = YES;
				CLANG_WARN_BLOCK_CAPTURE_AUTORELEASING = YES;
				CLANG_WARN_BOOL_CONVERSION = YES;
				CLANG_WARN_COMMA = YES;
				CLANG_WARN_CONSTANT_CONVERSION = YES;
				CLANG_WARN_DEPRECATED_OBJC_IMPLEMENTATIONS = YES;
				CLANG_WARN_DIRECT_OBJC_ISA_USAGE = YES_ERROR;
				CLANG_WARN_DOCUMENTATION_COMMENTS = YES;
				CLANG_WARN_EMPTY_BODY = YES;
				CLANG_WARN_ENUM_CONVERSION = YES;
				CLANG_WARN_INFINITE_RECURSION = YES;
				CLANG_WARN_INT_CONVERSION = YES;
				CLANG_WARN_NON_LITERAL_NULL_CONVERSION = YES;
				CLANG_WARN_OBJC_IMPLICIT_RETAIN_SELF = YES;
				CLANG_WARN_OBJC_LITERAL_CONVERSION = YES;
				CLANG_WARN_OBJC_ROOT_CLASS = YES_ERROR;
				CLANG_WARN_QUOTED_INCLUDE_IN_FRAMEWORK_HEADER = YES;
				CLANG_WARN_RANGE_LOOP_ANALYSIS = YES;
				CLANG_WARN_STRICT_PROTOTYPES = YES;
				CLANG_WARN_SUSPICIOUS_MOVE = YES;
				CLANG_WARN_UNGUARDED_AVAILABILITY = YES_AGGRESSIVE;
				CLANG_WARN_UNREACHABLE_CODE = YES;
				CLANG_WARN__DUPLICATE_METHOD_MATCH = YES;
				COPY_PHASE_STRIP = NO;
				DEBUG_INFORMATION_FORMAT = "dwarf-with-dsym";
				ENABLE_NS_ASSERTIONS = NO;
				ENABLE_STRICT_OBJC_MSGSEND = YES;
				ENABLE_USER_SCRIPT_SANDBOXING = YES;
				GCC_C_LANGUAGE_STANDARD = gnu17;
				GCC_NO_COMMON_BLOCKS = YES;
				GCC_WARN_64_TO_32_BIT_CONVERSION = YES;
				GCC_WARN_ABOUT_RETURN_TYPE = YES_ERROR;
				GCC_WARN_UNDECLARED_SELECTOR = YES;
				GCC_WARN_UNINITIALIZED_AUTOS = YES_AGGRESSIVE;
				GCC_WARN_UNUSED_FUNCTION = YES;
				GCC_WARN_UNUSED_VARIABLE = YES;
				IPHONEOS_DEPLOYMENT_TARGET = 17.4;
				LOCALIZATION_PREFERS_STRING_CATALOGS = YES;
				MTL_ENABLE_DEBUG_INFO = NO;
				MTL_FAST_MATH = YES;
				SDKROOT = iphoneos;
				SWIFT_COMPILATION_MODE = wholemodule;
				VALIDATE_PRODUCT = YES;
			};
			name = Release;
		};
		34EBEDA22BBDA5A4009297AC /* Debug */ = {
			isa = XCBuildConfiguration;
			buildSettings = {
				ASSETCATALOG_COMPILER_APPICON_NAME = AppIcon;
				ASSETCATALOG_COMPILER_GLOBAL_ACCENT_COLOR_NAME = AccentColor;
				CODE_SIGN_STYLE = Automatic;
				CURRENT_PROJECT_VERSION = 1;
				DEVELOPMENT_ASSET_PATHS = "\"TransactionDetails/Preview Content\"";
				DEVELOPMENT_TEAM = 375U999S53;
				ENABLE_PREVIEWS = YES;
				GENERATE_INFOPLIST_FILE = YES;
				INFOPLIST_KEY_UIApplicationSceneManifest_Generation = YES;
				INFOPLIST_KEY_UIApplicationSupportsIndirectInputEvents = YES;
				INFOPLIST_KEY_UILaunchScreen_Generation = YES;
				INFOPLIST_KEY_UISupportedInterfaceOrientations_iPad = "UIInterfaceOrientationPortrait UIInterfaceOrientationPortraitUpsideDown UIInterfaceOrientationLandscapeLeft UIInterfaceOrientationLandscapeRight";
				INFOPLIST_KEY_UISupportedInterfaceOrientations_iPhone = "UIInterfaceOrientationPortrait UIInterfaceOrientationLandscapeLeft UIInterfaceOrientationLandscapeRight";
				LD_RUNPATH_SEARCH_PATHS = (
					"$(inherited)",
					"@executable_path/Frameworks",
				);
				MARKETING_VERSION = 1.0;
				PRODUCT_BUNDLE_IDENTIFIER = com.mobility.TransactionDetails;
				PRODUCT_NAME = "$(TARGET_NAME)";
				SWIFT_EMIT_LOC_STRINGS = YES;
				SWIFT_VERSION = 5.0;
				TARGETED_DEVICE_FAMILY = "1,2";
			};
			name = Debug;
		};
		34EBEDA32BBDA5A4009297AC /* Release */ = {
			isa = XCBuildConfiguration;
			buildSettings = {
				ASSETCATALOG_COMPILER_APPICON_NAME = AppIcon;
				ASSETCATALOG_COMPILER_GLOBAL_ACCENT_COLOR_NAME = AccentColor;
				CODE_SIGN_STYLE = Automatic;
				CURRENT_PROJECT_VERSION = 1;
				DEVELOPMENT_ASSET_PATHS = "\"TransactionDetails/Preview Content\"";
				DEVELOPMENT_TEAM = 375U999S53;
				ENABLE_PREVIEWS = YES;
				GENERATE_INFOPLIST_FILE = YES;
				INFOPLIST_KEY_UIApplicationSceneManifest_Generation = YES;
				INFOPLIST_KEY_UIApplicationSupportsIndirectInputEvents = YES;
				INFOPLIST_KEY_UILaunchScreen_Generation = YES;
				INFOPLIST_KEY_UISupportedInterfaceOrientations_iPad = "UIInterfaceOrientationPortrait UIInterfaceOrientationPortraitUpsideDown UIInterfaceOrientationLandscapeLeft UIInterfaceOrientationLandscapeRight";
				INFOPLIST_KEY_UISupportedInterfaceOrientations_iPhone = "UIInterfaceOrientationPortrait UIInterfaceOrientationLandscapeLeft UIInterfaceOrientationLandscapeRight";
				LD_RUNPATH_SEARCH_PATHS = (
					"$(inherited)",
					"@executable_path/Frameworks",
				);
				MARKETING_VERSION = 1.0;
				PRODUCT_BUNDLE_IDENTIFIER = com.mobility.TransactionDetails;
				PRODUCT_NAME = "$(TARGET_NAME)";
				SWIFT_EMIT_LOC_STRINGS = YES;
				SWIFT_VERSION = 5.0;
				TARGETED_DEVICE_FAMILY = "1,2";
			};
			name = Release;
		};
		34EBEDA52BBDA5A4009297AC /* Debug */ = {
			isa = XCBuildConfiguration;
			buildSettings = {
				ALWAYS_EMBED_SWIFT_STANDARD_LIBRARIES = YES;
				BUNDLE_LOADER = "$(TEST_HOST)";
				CODE_SIGN_STYLE = Automatic;
				CURRENT_PROJECT_VERSION = 1;
				DEVELOPMENT_TEAM = 375U999S53;
				GENERATE_INFOPLIST_FILE = YES;
				IPHONEOS_DEPLOYMENT_TARGET = 17.4;
				MARKETING_VERSION = 1.0;
				PRODUCT_BUNDLE_IDENTIFIER = com.mobility.TransactionDetailsTests;
				PRODUCT_NAME = "$(TARGET_NAME)";
				SWIFT_EMIT_LOC_STRINGS = NO;
				SWIFT_VERSION = 5.0;
				TARGETED_DEVICE_FAMILY = "1,2";
				TEST_HOST = "$(BUILT_PRODUCTS_DIR)/TransactionDetails.app/$(BUNDLE_EXECUTABLE_FOLDER_PATH)/TransactionDetails";
			};
			name = Debug;
		};
		34EBEDA62BBDA5A4009297AC /* Release */ = {
			isa = XCBuildConfiguration;
			buildSettings = {
				ALWAYS_EMBED_SWIFT_STANDARD_LIBRARIES = YES;
				BUNDLE_LOADER = "$(TEST_HOST)";
				CODE_SIGN_STYLE = Automatic;
				CURRENT_PROJECT_VERSION = 1;
				DEVELOPMENT_TEAM = 375U999S53;
				GENERATE_INFOPLIST_FILE = YES;
				IPHONEOS_DEPLOYMENT_TARGET = 17.4;
				MARKETING_VERSION = 1.0;
				PRODUCT_BUNDLE_IDENTIFIER = com.mobility.TransactionDetailsTests;
				PRODUCT_NAME = "$(TARGET_NAME)";
				SWIFT_EMIT_LOC_STRINGS = NO;
				SWIFT_VERSION = 5.0;
				TARGETED_DEVICE_FAMILY = "1,2";
				TEST_HOST = "$(BUILT_PRODUCTS_DIR)/TransactionDetails.app/$(BUNDLE_EXECUTABLE_FOLDER_PATH)/TransactionDetails";
			};
			name = Release;
		};
/* End XCBuildConfiguration section */

/* Begin XCConfigurationList section */
		34EBED782BBDA5A2009297AC /* Build configuration list for PBXProject "TransactionDetails" */ = {
			isa = XCConfigurationList;
			buildConfigurations = (
				34EBED9F2BBDA5A4009297AC /* Debug */,
				34EBEDA02BBDA5A4009297AC /* Release */,
			);
			defaultConfigurationIsVisible = 0;
			defaultConfigurationName = Release;
		};
		34EBEDA12BBDA5A4009297AC /* Build configuration list for PBXNativeTarget "TransactionDetails" */ = {
			isa = XCConfigurationList;
			buildConfigurations = (
				34EBEDA22BBDA5A4009297AC /* Debug */,
				34EBEDA32BBDA5A4009297AC /* Release */,
			);
			defaultConfigurationIsVisible = 0;
			defaultConfigurationName = Release;
		};
		34EBEDA42BBDA5A4009297AC /* Build configuration list for PBXNativeTarget "TransactionDetailsTests" */ = {
			isa = XCConfigurationList;
			buildConfigurations = (
				34EBEDA52BBDA5A4009297AC /* Debug */,
				34EBEDA62BBDA5A4009297AC /* Release */,
			);
			defaultConfigurationIsVisible = 0;
			defaultConfigurationName = Release;
		};
/* End XCConfigurationList section */
	};
	rootObject = 34EBED752BBDA5A2009297AC /* Project object */;
}
